
Microsoft Visual Studio Solution File, Format Version 12.00
# Visual Studio Version 17
VisualStudioVersion = 17.11.35303.130
MinimumVisualStudioVersion = 10.0.40219.1
Project("{2150E333-8FDC-42A3-9474-1A3956D46DE8}") = "Task0", "Task0", "{F6142FD9-AD72-416D-9660-DD8C50B680D4}"
EndProject
Project("{9A19103F-16F7-4668-BE54-9A1E7A4F7556}") = "Tyuiu.NedelkinFA.Sprint1.Task0.V28", "Tyuiu.NedelkinFA.Sprint1.Task0.V28\Tyuiu.NedelkinFA.Sprint1.Task0.V28.csproj", "{8BFF3033-A215-46DE-92FD-FA07D9952836}"
EndProject
Project("{9A19103F-16F7-4668-BE54-9A1E7A4F7556}") = "Tyuiu.NedelkinFA.Sprint1.Task0.V28.Lib", "Tyuiu.NedelkinFA.Sprint1.Task0.V28.Lib\Tyuiu.NedelkinFA.Sprint1.Task0.V28.Lib.csproj", "{AAF27101-6AFA-4467-B968-C27556B0F541}"
EndProject
Project("{9A19103F-16F7-4668-BE54-9A1E7A4F7556}") = "Tyuiu.NedelkinFA.Sprint1.Task0.V28.Test", "Tyuiu.NedelkinFA.Sprint1.Task0.V28.Test\Tyuiu.NedelkinFA.Sprint1.Task0.V28.Test.csproj", "{5BFFD866-26A9-4055-A032-3B3E4847C676}"
EndProject
Project("{2150E333-8FDC-42A3-9474-1A3956D46DE8}") = "Task1", "Task1", "{2AAC5BA3-BE7D-4A70-9D30-F7C32C26CCA9}"
EndProject
Project("{9A19103F-16F7-4668-BE54-9A1E7A4F7556}") = "Tyuiu.NedelkinFA.Sprint1.Task1.V22", "Tyuiu.NedelkinFA.Sprint1.Task1.V22\Tyuiu.NedelkinFA.Sprint1.Task1.V22.csproj", "{F2D54C96-F31F-487D-BBEF-7062E58F6081}"
EndProject
Project("{9A19103F-16F7-4668-BE54-9A1E7A4F7556}") = "Tyuiu.NedelkinFA.Sprint1.Task1.V22.Lib", "Tyuiu.NedelkinFA.Sprint1.Task1.V22.Lib\Tyuiu.NedelkinFA.Sprint1.Task1.V22.Lib.csproj", "{DFAFD2FA-1479-4DAB-BA42-9F4070F70018}"
EndProject
Project("{9A19103F-16F7-4668-BE54-9A1E7A4F7556}") = "Tyuiu.NedelkinFA.Sprint1.Task1.V22.Test", "Tyuiu.NedelkinFA.Sprint1.Task1.V22.Test\Tyuiu.NedelkinFA.Sprint1.Task1.V22.Test.csproj", "{7D141CD5-DED2-4F61-96F0-97CEEB5BE13F}"
EndProject
Project("{2150E333-8FDC-42A3-9474-1A3956D46DE8}") = "Task2", "Task2", "{6AF64329-C7BE-4B5D-8E32-B3FF3A659DBA}"
EndProject
Project("{FAE04EC0-301F-11D3-BF4B-00C04F79EFBC}") = "Tyuiu.NedelkinFA.Sprint1.Task2.V29", "Tyuiu.NedelkinFA.Sprint1.Task2.V29\Tyuiu.NedelkinFA.Sprint1.Task2.V29.csproj", "{2C18138D-C438-427B-87CE-C9C905803E80}"
EndProject
Project("{FAE04EC0-301F-11D3-BF4B-00C04F79EFBC}") = "Tyuiu.NedelkinFA.Sprint1.Task2.V29.Lib", "Tyuiu.NedelkinFA.Sprint1.Task2.V29.Lib\Tyuiu.NedelkinFA.Sprint1.Task2.V29.Lib.csproj", "{A04B9A4A-4199-4FF2-9AE4-FAAAB32EE93C}"
EndProject
Project("{FAE04EC0-301F-11D3-BF4B-00C04F79EFBC}") = "Tyuiu.NedelkinFA.Sprint1.Task2.V29.Test", "Tyuiu.NedelkinFA.Sprint1.Task2.V29.Test\Tyuiu.NedelkinFA.Sprint1.Task2.V29.Test.csproj", "{8C319BC9-631D-43B1-8222-B51F89760280}"
EndProject
Project("{2150E333-8FDC-42A3-9474-1A3956D46DE8}") = "Task3", "Task3", "{66ECB14C-B6C5-45AF-8AD0-A6D47B7B4F51}"
EndProject
Project("{FAE04EC0-301F-11D3-BF4B-00C04F79EFBC}") = "Tyuiu.NedelkinFA.Sprint1.Task.V4", "Tyuiu.NedelkinFA.Sprint1.Task.V4\Tyuiu.NedelkinFA.Sprint1.Task.V4.csproj", "{2E7FC990-87D0-4D9D-B177-6845A6F332F0}"
EndProject
Global
	GlobalSection(SolutionConfigurationPlatforms) = preSolution
		Debug|Any CPU = Debug|Any CPU
		Release|Any CPU = Release|Any CPU
	EndGlobalSection
	GlobalSection(ProjectConfigurationPlatforms) = postSolution
		{8BFF3033-A215-46DE-92FD-FA07D9952836}.Debug|Any CPU.ActiveCfg = Debug|Any CPU
		{8BFF3033-A215-46DE-92FD-FA07D9952836}.Debug|Any CPU.Build.0 = Debug|Any CPU
		{8BFF3033-A215-46DE-92FD-FA07D9952836}.Release|Any CPU.ActiveCfg = Release|Any CPU
		{8BFF3033-A215-46DE-92FD-FA07D9952836}.Release|Any CPU.Build.0 = Release|Any CPU
		{AAF27101-6AFA-4467-B968-C27556B0F541}.Debug|Any CPU.ActiveCfg = Debug|Any CPU
		{AAF27101-6AFA-4467-B968-C27556B0F541}.Debug|Any CPU.Build.0 = Debug|Any CPU
		{AAF27101-6AFA-4467-B968-C27556B0F541}.Release|Any CPU.ActiveCfg = Release|Any CPU
		{AAF27101-6AFA-4467-B968-C27556B0F541}.Release|Any CPU.Build.0 = Release|Any CPU
		{5BFFD866-26A9-4055-A032-3B3E4847C676}.Debug|Any CPU.ActiveCfg = Debug|Any CPU
		{5BFFD866-26A9-4055-A032-3B3E4847C676}.Debug|Any CPU.Build.0 = Debug|Any CPU
		{5BFFD866-26A9-4055-A032-3B3E4847C676}.Release|Any CPU.ActiveCfg = Release|Any CPU
		{5BFFD866-26A9-4055-A032-3B3E4847C676}.Release|Any CPU.Build.0 = Release|Any CPU
		{F2D54C96-F31F-487D-BBEF-7062E58F6081}.Debug|Any CPU.ActiveCfg = Debug|Any CPU
		{F2D54C96-F31F-487D-BBEF-7062E58F6081}.Debug|Any CPU.Build.0 = Debug|Any CPU
		{F2D54C96-F31F-487D-BBEF-7062E58F6081}.Release|Any CPU.ActiveCfg = Release|Any CPU
		{F2D54C96-F31F-487D-BBEF-7062E58F6081}.Release|Any CPU.Build.0 = Release|Any CPU
		{DFAFD2FA-1479-4DAB-BA42-9F4070F70018}.Debug|Any CPU.ActiveCfg = Debug|Any CPU
		{DFAFD2FA-1479-4DAB-BA42-9F4070F70018}.Debug|Any CPU.Build.0 = Debug|Any CPU
		{DFAFD2FA-1479-4DAB-BA42-9F4070F70018}.Release|Any CPU.ActiveCfg = Release|Any CPU
		{DFAFD2FA-1479-4DAB-BA42-9F4070F70018}.Release|Any CPU.Build.0 = Release|Any CPU
		{7D141CD5-DED2-4F61-96F0-97CEEB5BE13F}.Debug|Any CPU.ActiveCfg = Debug|Any CPU
		{7D141CD5-DED2-4F61-96F0-97CEEB5BE13F}.Debug|Any CPU.Build.0 = Debug|Any CPU
		{7D141CD5-DED2-4F61-96F0-97CEEB5BE13F}.Release|Any CPU.ActiveCfg = Release|Any CPU
		{7D141CD5-DED2-4F61-96F0-97CEEB5BE13F}.Release|Any CPU.Build.0 = Release|Any CPU
		{2C18138D-C438-427B-87CE-C9C905803E80}.Debug|Any CPU.ActiveCfg = Debug|Any CPU
		{2C18138D-C438-427B-87CE-C9C905803E80}.Debug|Any CPU.Build.0 = Debug|Any CPU
		{2C18138D-C438-427B-87CE-C9C905803E80}.Release|Any CPU.ActiveCfg = Release|Any CPU
		{2C18138D-C438-427B-87CE-C9C905803E80}.Release|Any CPU.Build.0 = Release|Any CPU
		{A04B9A4A-4199-4FF2-9AE4-FAAAB32EE93C}.Debug|Any CPU.ActiveCfg = Debug|Any CPU
		{A04B9A4A-4199-4FF2-9AE4-FAAAB32EE93C}.Debug|Any CPU.Build.0 = Debug|Any CPU
		{A04B9A4A-4199-4FF2-9AE4-FAAAB32EE93C}.Release|Any CPU.ActiveCfg = Release|Any CPU
		{A04B9A4A-4199-4FF2-9AE4-FAAAB32EE93C}.Release|Any CPU.Build.0 = Release|Any CPU
		{8C319BC9-631D-43B1-8222-B51F89760280}.Debug|Any CPU.ActiveCfg = Debug|Any CPU
		{8C319BC9-631D-43B1-8222-B51F89760280}.Debug|Any CPU.Build.0 = Debug|Any CPU
		{8C319BC9-631D-43B1-8222-B51F89760280}.Release|Any CPU.ActiveCfg = Release|Any CPU
		{8C319BC9-631D-43B1-8222-B51F89760280}.Release|Any CPU.Build.0 = Release|Any CPU
		{2E7FC990-87D0-4D9D-B177-6845A6F332F0}.Debug|Any CPU.ActiveCfg = Debug|Any CPU
		{2E7FC990-87D0-4D9D-B177-6845A6F332F0}.Debug|Any CPU.Build.0 = Debug|Any CPU
		{2E7FC990-87D0-4D9D-B177-6845A6F332F0}.Release|Any CPU.ActiveCfg = Release|Any CPU
		{2E7FC990-87D0-4D9D-B177-6845A6F332F0}.Release|Any CPU.Build.0 = Release|Any CPU
	EndGlobalSection
	GlobalSection(SolutionProperties) = preSolution
		HideSolutionNode = FALSE
	EndGlobalSection
	GlobalSection(NestedProjects) = preSolution
		{8BFF3033-A215-46DE-92FD-FA07D9952836} = {F6142FD9-AD72-416D-9660-DD8C50B680D4}
		{AAF27101-6AFA-4467-B968-C27556B0F541} = {F6142FD9-AD72-416D-9660-DD8C50B680D4}
		{5BFFD866-26A9-4055-A032-3B3E4847C676} = {F6142FD9-AD72-416D-9660-DD8C50B680D4}
		{F2D54C96-F31F-487D-BBEF-7062E58F6081} = {2AAC5BA3-BE7D-4A70-9D30-F7C32C26CCA9}
		{DFAFD2FA-1479-4DAB-BA42-9F4070F70018} = {2AAC5BA3-BE7D-4A70-9D30-F7C32C26CCA9}
		{7D141CD5-DED2-4F61-96F0-97CEEB5BE13F} = {2AAC5BA3-BE7D-4A70-9D30-F7C32C26CCA9}
		{2C18138D-C438-427B-87CE-C9C905803E80} = {6AF64329-C7BE-4B5D-8E32-B3FF3A659DBA}
		{A04B9A4A-4199-4FF2-9AE4-FAAAB32EE93C} = {6AF64329-C7BE-4B5D-8E32-B3FF3A659DBA}
		{8C319BC9-631D-43B1-8222-B51F89760280} = {6AF64329-C7BE-4B5D-8E32-B3FF3A659DBA}
		{2E7FC990-87D0-4D9D-B177-6845A6F332F0} = {66ECB14C-B6C5-45AF-8AD0-A6D47B7B4F51}
	EndGlobalSection
	GlobalSection(ExtensibilityGlobals) = postSolution
		SolutionGuid = {EFF18145-FBC9-49F3-AFD9-F18F1074F7A5}
	EndGlobalSection
EndGlobal
