
Microsoft Visual Studio Solution File, Format Version 12.00
# Visual Studio Version 17
VisualStudioVersion = 17.11.35303.130
MinimumVisualStudioVersion = 10.0.40219.1
Project("{2150E333-8FDC-42A3-9474-1A3956D46DE8}") = "Task0", "Task0", "{F6142FD9-AD72-416D-9660-DD8C50B680D4}"
EndProject
Project("{9A19103F-16F7-4668-BE54-9A1E7A4F7556}") = "Tyuiu.NedelkinFA.Sprint1.Task0.V28", "Tyuiu.NedelkinFA.Sprint1.Task0.V28\Tyuiu.NedelkinFA.Sprint1.Task0.V28.csproj", "{8BFF3033-A215-46DE-92FD-FA07D9952836}"
EndProject
Project("{9A19103F-16F7-4668-BE54-9A1E7A4F7556}") = "Tyuiu.NedelkinFA.Sprint1.Task0.V28.Lib", "Tyuiu.NedelkinFA.Sprint1.Task0.V28.Lib\Tyuiu.NedelkinFA.Sprint1.Task0.V28.Lib.csproj", "{AAF27101-6AFA-4467-B968-C27556B0F541}"
EndProject
Project("{9A19103F-16F7-4668-BE54-9A1E7A4F7556}") = "Tyuiu.NedelkinFA.Sprint1.Task0.V28.Test", "Tyuiu.NedelkinFA.Sprint1.Task0.V28.Test\Tyuiu.NedelkinFA.Sprint1.Task0.V28.Test.csproj", "{5BFFD866-26A9-4055-A032-3B3E4847C676}"
EndProject
Project("{2150E333-8FDC-42A3-9474-1A3956D46DE8}") = "Task1", "Task1", "{2AAC5BA3-BE7D-4A70-9D30-F7C32C26CCA9}"
EndProject
Project("{9A19103F-16F7-4668-BE54-9A1E7A4F7556}") = "Tyuiu.NedelkinFA.Sprint1.Task1.V22", "Tyuiu.NedelkinFA.Sprint1.Task1.V22\Tyuiu.NedelkinFA.Sprint1.Task1.V22.csproj", "{F2D54C96-F31F-487D-BBEF-7062E58F6081}"
EndProject
Project("{9A19103F-16F7-4668-BE54-9A1E7A4F7556}") = "Tyuiu.NedelkinFA.Sprint1.Task1.V22.Lib", "Tyuiu.NedelkinFA.Sprint1.Task1.V22.Lib\Tyuiu.NedelkinFA.Sprint1.Task1.V22.Lib.csproj", "{DFAFD2FA-1479-4DAB-BA42-9F4070F70018}"
EndProject
Project("{9A19103F-16F7-4668-BE54-9A1E7A4F7556}") = "Tyuiu.NedelkinFA.Sprint1.Task1.V22.Test", "Tyuiu.NedelkinFA.Sprint1.Task1.V22.Test\Tyuiu.NedelkinFA.Sprint1.Task1.V22.Test.csproj", "{7D141CD5-DED2-4F61-96F0-97CEEB5BE13F}"
EndProject
Project("{2150E333-8FDC-42A3-9474-1A3956D46DE8}") = "Task01", "Task01", "{DCD5A37D-5999-4503-9795-F71CBD625098}"
EndProject
Project("{FAE04EC0-301F-11D3-BF4B-00C04F79EFBC}") = "Tyuiu.NedelkinFA.Sprint1.Task1.V022", "Tyuiu.NedelkinFA.Sprint1.Task1.V022\Tyuiu.NedelkinFA.Sprint1.Task1.V022.csproj", "{27A0248E-70A3-4AB1-A9BE-88D6FE5EE604}"
EndProject
Project("{FAE04EC0-301F-11D3-BF4B-00C04F79EFBC}") = "Tyuiu.NedelkinFA.Sprint1.Task1.V022.Lib", "Tyuiu.NedelkinFA.Sprint1.Task1.V022.Lib\Tyuiu.NedelkinFA.Sprint1.Task1.V022.Lib.csproj", "{F8E2B2F7-6309-4623-B96A-9CAA0AA534DA}"
EndProject
Project("{FAE04EC0-301F-11D3-BF4B-00C04F79EFBC}") = "Tyuiu.NedelkinFA.Sprint1.Task1.V022.Test", "Tyuiu.NedelkinFA.Sprint1.Task1.V022.Test\Tyuiu.NedelkinFA.Sprint1.Task1.V022.Test.csproj", "{275B411E-E412-4FD9-BDEB-39CC1E817537}"
EndProject
Global
	GlobalSection(SolutionConfigurationPlatforms) = preSolution
		Debug|Any CPU = Debug|Any CPU
		Release|Any CPU = Release|Any CPU
	EndGlobalSection
	GlobalSection(ProjectConfigurationPlatforms) = postSolution
		{8BFF3033-A215-46DE-92FD-FA07D9952836}.Debug|Any CPU.ActiveCfg = Debug|Any CPU
		{8BFF3033-A215-46DE-92FD-FA07D9952836}.Debug|Any CPU.Build.0 = Debug|Any CPU
		{8BFF3033-A215-46DE-92FD-FA07D9952836}.Release|Any CPU.ActiveCfg = Release|Any CPU
		{8BFF3033-A215-46DE-92FD-FA07D9952836}.Release|Any CPU.Build.0 = Release|Any CPU
		{AAF27101-6AFA-4467-B968-C27556B0F541}.Debug|Any CPU.ActiveCfg = Debug|Any CPU
		{AAF27101-6AFA-4467-B968-C27556B0F541}.Debug|Any CPU.Build.0 = Debug|Any CPU
		{AAF27101-6AFA-4467-B968-C27556B0F541}.Release|Any CPU.ActiveCfg = Release|Any CPU
		{AAF27101-6AFA-4467-B968-C27556B0F541}.Release|Any CPU.Build.0 = Release|Any CPU
		{5BFFD866-26A9-4055-A032-3B3E4847C676}.Debug|Any CPU.ActiveCfg = Debug|Any CPU
		{5BFFD866-26A9-4055-A032-3B3E4847C676}.Debug|Any CPU.Build.0 = Debug|Any CPU
		{5BFFD866-26A9-4055-A032-3B3E4847C676}.Release|Any CPU.ActiveCfg = Release|Any CPU
		{5BFFD866-26A9-4055-A032-3B3E4847C676}.Release|Any CPU.Build.0 = Release|Any CPU
		{F2D54C96-F31F-487D-BBEF-7062E58F6081}.Debug|Any CPU.ActiveCfg = Debug|Any CPU
		{F2D54C96-F31F-487D-BBEF-7062E58F6081}.Debug|Any CPU.Build.0 = Debug|Any CPU
		{F2D54C96-F31F-487D-BBEF-7062E58F6081}.Release|Any CPU.ActiveCfg = Release|Any CPU
		{F2D54C96-F31F-487D-BBEF-7062E58F6081}.Release|Any CPU.Build.0 = Release|Any CPU
		{DFAFD2FA-1479-4DAB-BA42-9F4070F70018}.Debug|Any CPU.ActiveCfg = Debug|Any CPU
		{DFAFD2FA-1479-4DAB-BA42-9F4070F70018}.Debug|Any CPU.Build.0 = Debug|Any CPU
		{DFAFD2FA-1479-4DAB-BA42-9F4070F70018}.Release|Any CPU.ActiveCfg = Release|Any CPU
		{DFAFD2FA-1479-4DAB-BA42-9F4070F70018}.Release|Any CPU.Build.0 = Release|Any CPU
		{7D141CD5-DED2-4F61-96F0-97CEEB5BE13F}.Debug|Any CPU.ActiveCfg = Debug|Any CPU
		{7D141CD5-DED2-4F61-96F0-97CEEB5BE13F}.Debug|Any CPU.Build.0 = Debug|Any CPU
		{7D141CD5-DED2-4F61-96F0-97CEEB5BE13F}.Release|Any CPU.ActiveCfg = Release|Any CPU
		{7D141CD5-DED2-4F61-96F0-97CEEB5BE13F}.Release|Any CPU.Build.0 = Release|Any CPU
		{27A0248E-70A3-4AB1-A9BE-88D6FE5EE604}.Debug|Any CPU.ActiveCfg = Debug|Any CPU
		{27A0248E-70A3-4AB1-A9BE-88D6FE5EE604}.Debug|Any CPU.Build.0 = Debug|Any CPU
		{27A0248E-70A3-4AB1-A9BE-88D6FE5EE604}.Release|Any CPU.ActiveCfg = Release|Any CPU
		{27A0248E-70A3-4AB1-A9BE-88D6FE5EE604}.Release|Any CPU.Build.0 = Release|Any CPU
		{F8E2B2F7-6309-4623-B96A-9CAA0AA534DA}.Debug|Any CPU.ActiveCfg = Debug|Any CPU
		{F8E2B2F7-6309-4623-B96A-9CAA0AA534DA}.Debug|Any CPU.Build.0 = Debug|Any CPU
		{F8E2B2F7-6309-4623-B96A-9CAA0AA534DA}.Release|Any CPU.ActiveCfg = Release|Any CPU
		{F8E2B2F7-6309-4623-B96A-9CAA0AA534DA}.Release|Any CPU.Build.0 = Release|Any CPU
		{275B411E-E412-4FD9-BDEB-39CC1E817537}.Debug|Any CPU.ActiveCfg = Debug|Any CPU
		{275B411E-E412-4FD9-BDEB-39CC1E817537}.Debug|Any CPU.Build.0 = Debug|Any CPU
		{275B411E-E412-4FD9-BDEB-39CC1E817537}.Release|Any CPU.ActiveCfg = Release|Any CPU
		{275B411E-E412-4FD9-BDEB-39CC1E817537}.Release|Any CPU.Build.0 = Release|Any CPU
	EndGlobalSection
	GlobalSection(SolutionProperties) = preSolution
		HideSolutionNode = FALSE
	EndGlobalSection
	GlobalSection(NestedProjects) = preSolution
		{8BFF3033-A215-46DE-92FD-FA07D9952836} = {F6142FD9-AD72-416D-9660-DD8C50B680D4}
		{AAF27101-6AFA-4467-B968-C27556B0F541} = {F6142FD9-AD72-416D-9660-DD8C50B680D4}
		{5BFFD866-26A9-4055-A032-3B3E4847C676} = {F6142FD9-AD72-416D-9660-DD8C50B680D4}
		{F2D54C96-F31F-487D-BBEF-7062E58F6081} = {2AAC5BA3-BE7D-4A70-9D30-F7C32C26CCA9}
		{DFAFD2FA-1479-4DAB-BA42-9F4070F70018} = {2AAC5BA3-BE7D-4A70-9D30-F7C32C26CCA9}
		{7D141CD5-DED2-4F61-96F0-97CEEB5BE13F} = {2AAC5BA3-BE7D-4A70-9D30-F7C32C26CCA9}
		{27A0248E-70A3-4AB1-A9BE-88D6FE5EE604} = {DCD5A37D-5999-4503-9795-F71CBD625098}
		{F8E2B2F7-6309-4623-B96A-9CAA0AA534DA} = {DCD5A37D-5999-4503-9795-F71CBD625098}
		{275B411E-E412-4FD9-BDEB-39CC1E817537} = {DCD5A37D-5999-4503-9795-F71CBD625098}
	EndGlobalSection
	GlobalSection(ExtensibilityGlobals) = postSolution
		SolutionGuid = {EFF18145-FBC9-49F3-AFD9-F18F1074F7A5}
	EndGlobalSection
EndGlobal
